
Microsoft Visual Studio Solution File, Format Version 12.00
# Visual Studio 15
VisualStudioVersion = 15.0.27428.1
MinimumVisualStudioVersion = 10.0.40219.1
Project("{FAE04EC0-301F-11D3-BF4B-00C04F79EFBC}") = "ShipEmergencyControlSystem", "ShipEmergencyControlSystem\ShipEmergencyControlSystem.csproj", "{6E77857F-71E6-4009-B8B6-87E7420D600E}"
EndProject
Global
	GlobalSection(SolutionConfigurationPlatforms) = preSolution
		Debug|Any CPU = Debug|Any CPU
		Release|Any CPU = Release|Any CPU
	EndGlobalSection
	GlobalSection(ProjectConfigurationPlatforms) = postSolution
		{6E77857F-71E6-4009-B8B6-87E7420D600E}.Debug|Any CPU.ActiveCfg = Debug|Any CPU
		{6E77857F-71E6-4009-B8B6-87E7420D600E}.Debug|Any CPU.Build.0 = Debug|Any CPU
		{6E77857F-71E6-4009-B8B6-87E7420D600E}.Release|Any CPU.ActiveCfg = Release|Any CPU
		{6E77857F-71E6-4009-B8B6-87E7420D600E}.Release|Any CPU.Build.0 = Release|Any CPU
	EndGlobalSection
	GlobalSection(SolutionProperties) = preSolution
		HideSolutionNode = FALSE
	EndGlobalSection
	GlobalSection(ExtensibilityGlobals) = postSolution
		SolutionGuid = {80948EA7-6059-4EF0-86C1-55922EBFCF1D}
	EndGlobalSection
EndGlobal
